
Microsoft Visual Studio Solution File, Format Version 12.00
# Visual Studio Version 17
VisualStudioVersion = 17.0.32126.317
MinimumVisualStudioVersion = 10.0.40219.1
Project("{FAE04EC0-301F-11D3-BF4B-00C04F79EFBC}") = "Inventory Management System", "Inventory Management System.csproj", "{69E5B3FC-C450-4463-98FE-962E11F5A70F}"
EndProject
Global
	GlobalSection(SolutionConfigurationPlatforms) = preSolution
		Debug|Any CPU = Debug|Any CPU
		Release|Any CPU = Release|Any CPU
	EndGlobalSection
	GlobalSection(ProjectConfigurationPlatforms) = postSolution
		{69E5B3FC-C450-4463-98FE-962E11F5A70F}.Debug|Any CPU.ActiveCfg = Debug|Any CPU
		{69E5B3FC-C450-4463-98FE-962E11F5A70F}.Debug|Any CPU.Build.0 = Debug|Any CPU
		{69E5B3FC-C450-4463-98FE-962E11F5A70F}.Release|Any CPU.ActiveCfg = Release|Any CPU
		{69E5B3FC-C450-4463-98FE-962E11F5A70F}.Release|Any CPU.Build.0 = Release|Any CPU
	EndGlobalSection
	GlobalSection(SolutionProperties) = preSolution
		HideSolutionNode = FALSE
	EndGlobalSection
	GlobalSection(ExtensibilityGlobals) = postSolution
		SolutionGuid = {6CF6BA4F-AE15-46FC-A739-4E25D8888834}
	EndGlobalSection
EndGlobal
